
Microsoft Visual Studio Solution File, Format Version 12.00
# Visual Studio Version 17
VisualStudioVersion = 17.4.33205.214
MinimumVisualStudioVersion = 10.0.40219.1
Project("{FAE04EC0-301F-11D3-BF4B-00C04F79EFBC}") = "AspTalbrat", "AspTalbrat\AspTalbrat.csproj", "{ACD94358-05ED-4C3D-9AEF-18B575ADA5F6}"
EndProject
Global
	GlobalSection(SolutionConfigurationPlatforms) = preSolution
		Debug|Any CPU = Debug|Any CPU
		Release|Any CPU = Release|Any CPU
	EndGlobalSection
	GlobalSection(ProjectConfigurationPlatforms) = postSolution
		{ACD94358-05ED-4C3D-9AEF-18B575ADA5F6}.Debug|Any CPU.ActiveCfg = Debug|Any CPU
		{ACD94358-05ED-4C3D-9AEF-18B575ADA5F6}.Debug|Any CPU.Build.0 = Debug|Any CPU
		{ACD94358-05ED-4C3D-9AEF-18B575ADA5F6}.Release|Any CPU.ActiveCfg = Release|Any CPU
		{ACD94358-05ED-4C3D-9AEF-18B575ADA5F6}.Release|Any CPU.Build.0 = Release|Any CPU
	EndGlobalSection
	GlobalSection(SolutionProperties) = preSolution
		HideSolutionNode = FALSE
	EndGlobalSection
	GlobalSection(ExtensibilityGlobals) = postSolution
		SolutionGuid = {406D4ACC-364F-4AE5-AC8D-67FDE2F12A70}
	EndGlobalSection
EndGlobal
